{
  "lockfile_version": "1",
  "packages": {
    "actionlint@1.7.7": {
      "last_modified": "2025-03-13T11:38:39Z",
      "resolved": "github:NixOS/nixpkgs/573c650e8a14b2faa0041645ab18aed7e60f0c9a#actionlint",
      "source": "devbox-search",
      "version": "1.7.7",
      "systems": {
        "aarch64-darwin": {
          "outputs": [
            {
              "name": "out",
              "path": "/nix/store/givfmrck50qh7mx8wr8zka5la9w0ba7i-actionlint-1.7.7",
              "default": true
            }
          ],
          "store_path": "/nix/store/givfmrck50qh7mx8wr8zka5la9w0ba7i-actionlint-1.7.7"
        },
        "aarch64-linux": {
          "outputs": [
            {
              "name": "out",
              "path": "/nix/store/f2yaq4vradwfq17y3rczsa14a96qfynp-actionlint-1.7.7",
              "default": true
            }
          ],
          "store_path": "/nix/store/f2yaq4vradwfq17y3rczsa14a96qfynp-actionlint-1.7.7"
        },
        "x86_64-darwin": {
          "outputs": [
            {
              "name": "out",
              "path": "/nix/store/9gjb5634sxsdycc2853zxiigixg8xyhz-actionlint-1.7.7",
              "default": true
            }
          ],
          "store_path": "/nix/store/9gjb5634sxsdycc2853zxiigixg8xyhz-actionlint-1.7.7"
        },
        "x86_64-linux": {
          "outputs": [
            {
              "name": "out",
              "path": "/nix/store/035hgpi3philn8x29bknnzbrzwpj7m9n-actionlint-1.7.7",
              "default": true
            }
          ],
          "store_path": "/nix/store/035hgpi3philn8x29bknnzbrzwpj7m9n-actionlint-1.7.7"
        }
      }
    },
    "checkov@3.2.393": {
      "last_modified": "2025-03-27T11:50:31Z",
      "resolved": "github:NixOS/nixpkgs/6c5963357f3c1c840201eda129a99d455074db04#checkov",
      "source": "devbox-search",
      "version": "3.2.393",
      "systems": {
        "aarch64-darwin": {
          "outputs": [
            {
              "name": "out",
              "path": "/nix/store/m1fpdm6qwqizr5dbqms72wv2m86d8m6k-checkov-3.2.393",
              "default": true
            },
            {
              "name": "dist",
              "path": "/nix/store/gblbqpai1aqpfhd8d6mfn2pndzxg8d1i-checkov-3.2.393-dist"
            }
          ],
          "store_path": "/nix/store/m1fpdm6qwqizr5dbqms72wv2m86d8m6k-checkov-3.2.393"
        },
        "aarch64-linux": {
          "outputs": [
            {
              "name": "out",
              "path": "/nix/store/iv6xwlza1x4blh1kjjny512j15wpzlsl-checkov-3.2.393",
              "default": true
            },
            {
              "name": "dist",
              "path": "/nix/store/41yb3arxb5l5li6b1a6n7nf468y9hcfr-checkov-3.2.393-dist"
            }
          ],
          "store_path": "/nix/store/iv6xwlza1x4blh1kjjny512j15wpzlsl-checkov-3.2.393"
        },
        "x86_64-darwin": {
          "outputs": [
            {
              "name": "out",
              "path": "/nix/store/0l7967hxws2q3lfi6d4pa1vpmbz660hp-checkov-3.2.393",
              "default": true
            },
            {
              "name": "dist",
              "path": "/nix/store/10kawzkp997yzlqbj3q1xvpsapzykn55-checkov-3.2.393-dist"
            }
          ],
          "store_path": "/nix/store/0l7967hxws2q3lfi6d4pa1vpmbz660hp-checkov-3.2.393"
        },
        "x86_64-linux": {
          "outputs": [
            {
              "name": "out",
              "path": "/nix/store/8pjz56xxkfp9kwhjygh482k3xwz5q6a6-checkov-3.2.393",
              "default": true
            },
            {
              "name": "dist",
              "path": "/nix/store/m5viypg4qw2y6qnzmkllx273j3nmj43b-checkov-3.2.393-dist"
            }
          ],
          "store_path": "/nix/store/8pjz56xxkfp9kwhjygh482k3xwz5q6a6-checkov-3.2.393"
        }
      }
    },
    "colima@0.8.1": {
      "last_modified": "2025-03-11T17:52:14Z",
      "resolved": "github:NixOS/nixpkgs/0d534853a55b5d02a4ababa1d71921ce8f0aee4c#colima",
      "source": "devbox-search",
      "version": "0.8.1",
      "systems": {
        "aarch64-darwin": {
          "outputs": [
            {
              "name": "out",
              "path": "/nix/store/s75xld3wvg301vmc295zbn1qvx979dxy-colima-0.8.1",
              "default": true
            }
          ],
          "store_path": "/nix/store/s75xld3wvg301vmc295zbn1qvx979dxy-colima-0.8.1"
        },
        "aarch64-linux": {
          "outputs": [
            {
              "name": "out",
              "path": "/nix/store/nyxfzl4b7g4f7v3v3pqf0w7wrmdsglmn-colima-0.8.1",
              "default": true
            }
          ],
          "store_path": "/nix/store/nyxfzl4b7g4f7v3v3pqf0w7wrmdsglmn-colima-0.8.1"
        },
        "x86_64-darwin": {
          "outputs": [
            {
              "name": "out",
              "path": "/nix/store/4yk9wx8c968wqs5f09wdmv63sgq5661b-colima-0.8.1",
              "default": true
            }
          ],
          "store_path": "/nix/store/4yk9wx8c968wqs5f09wdmv63sgq5661b-colima-0.8.1"
        },
        "x86_64-linux": {
          "outputs": [
            {
              "name": "out",
              "path": "/nix/store/c0fzix2l2ry1xv51qcd43kvw4ddvpv2p-colima-0.8.1",
              "default": true
            }
          ],
          "store_path": "/nix/store/c0fzix2l2ry1xv51qcd43kvw4ddvpv2p-colima-0.8.1"
        }
      }
    },
    "docker-compose@2.34.0": {
      "last_modified": "2025-03-23T05:31:05Z",
      "resolved": "github:NixOS/nixpkgs/dd613136ee91f67e5dba3f3f41ac99ae89c5406b#docker-compose",
      "source": "devbox-search",
      "version": "2.34.0",
      "systems": {
        "aarch64-darwin": {
          "outputs": [
            {
              "name": "out",
              "path": "/nix/store/f1szxhsb34xina0p55v0kynjirbq3maa-docker-compose-2.34.0",
              "default": true
            }
          ],
          "store_path": "/nix/store/f1szxhsb34xina0p55v0kynjirbq3maa-docker-compose-2.34.0"
        },
        "aarch64-linux": {
          "outputs": [
            {
              "name": "out",
              "path": "/nix/store/w7nl6ibv4gniyh9i0dwdgs30zf69bfsf-docker-compose-2.34.0",
              "default": true
            }
          ],
          "store_path": "/nix/store/w7nl6ibv4gniyh9i0dwdgs30zf69bfsf-docker-compose-2.34.0"
        },
        "x86_64-darwin": {
          "outputs": [
            {
              "name": "out",
              "path": "/nix/store/zj4qbnpsx05x2n8bwvznfqfbz1pzs8a2-docker-compose-2.34.0",
              "default": true
            }
          ],
          "store_path": "/nix/store/zj4qbnpsx05x2n8bwvznfqfbz1pzs8a2-docker-compose-2.34.0"
        },
        "x86_64-linux": {
          "outputs": [
            {
              "name": "out",
              "path": "/nix/store/mg99cs4d8p0lsszdwawx7nr2zicdzq2x-docker-compose-2.34.0",
              "default": true
            }
          ],
          "store_path": "/nix/store/mg99cs4d8p0lsszdwawx7nr2zicdzq2x-docker-compose-2.34.0"
        }
      }
    },
    "docker@27.5.1": {
      "last_modified": "2025-03-25T17:32:05Z",
      "resolved": "github:NixOS/nixpkgs/25d1b84f5c90632a623c48d83a2faf156451e6b1#docker",
      "source": "devbox-search",
      "version": "27.5.1",
      "systems": {
        "aarch64-darwin": {
          "outputs": [
            {
              "name": "out",
              "path": "/nix/store/hcrzfrkll0i3khxpy5vbjax9mbqna2h7-docker-27.5.1",
              "default": true
            }
          ],
          "store_path": "/nix/store/hcrzfrkll0i3khxpy5vbjax9mbqna2h7-docker-27.5.1"
        },
        "aarch64-linux": {
          "outputs": [
            {
              "name": "out",
              "path": "/nix/store/sjjj8bcr4mkp10hk6rpwj8dnls1xlg8m-docker-27.5.1",
              "default": true
            }
          ],
          "store_path": "/nix/store/sjjj8bcr4mkp10hk6rpwj8dnls1xlg8m-docker-27.5.1"
        },
        "x86_64-darwin": {
          "outputs": [
            {
              "name": "out",
              "path": "/nix/store/z718glkxf2b0p0d9sdla6n73wzw1r70l-docker-27.5.1",
              "default": true
            }
          ],
          "store_path": "/nix/store/z718glkxf2b0p0d9sdla6n73wzw1r70l-docker-27.5.1"
        },
        "x86_64-linux": {
          "outputs": [
            {
              "name": "out",
              "path": "/nix/store/jxqnf9f2zlplyi9fvm5m55c5x086raf3-docker-27.5.1",
              "default": true
            }
          ],
          "store_path": "/nix/store/jxqnf9f2zlplyi9fvm5m55c5x086raf3-docker-27.5.1"
        }
      }
    },
    "github:NixOS/nixpkgs/nixpkgs-unstable": {
      "last_modified": "2025-04-13T09:22:33Z",
      "resolved": "github:NixOS/nixpkgs/18dd725c29603f582cf1900e0d25f9f1063dbf11?lastModified=1744536153&narHash=sha256-awS2zRgF4uTwrOKwwiJcByDzDOdo3Q1rPZbiHQg%2FN38%3D"
    },
    "markdownlint-cli@0.44.0": {
      "last_modified": "2025-03-11T17:52:14Z",
      "resolved": "github:NixOS/nixpkgs/0d534853a55b5d02a4ababa1d71921ce8f0aee4c#markdownlint-cli",
      "source": "devbox-search",
      "version": "0.44.0",
      "systems": {
        "aarch64-darwin": {
          "outputs": [
            {
              "name": "out",
              "path": "/nix/store/5zw5cgav13l5m9pm6jq8khaar38fdqdr-markdownlint-cli-0.44.0",
              "default": true
            }
          ],
          "store_path": "/nix/store/5zw5cgav13l5m9pm6jq8khaar38fdqdr-markdownlint-cli-0.44.0"
        },
        "aarch64-linux": {
          "outputs": [
            {
              "name": "out",
              "path": "/nix/store/yrq087qk8a1g3vvkkj07v6sb85si7d9v-markdownlint-cli-0.44.0",
              "default": true
            }
          ],
          "store_path": "/nix/store/yrq087qk8a1g3vvkkj07v6sb85si7d9v-markdownlint-cli-0.44.0"
        },
        "x86_64-darwin": {
          "outputs": [
            {
              "name": "out",
              "path": "/nix/store/7bwnk1ik6dx9srcwdjw3hwcnsnipdbvm-markdownlint-cli-0.44.0",
              "default": true
            }
          ],
          "store_path": "/nix/store/7bwnk1ik6dx9srcwdjw3hwcnsnipdbvm-markdownlint-cli-0.44.0"
        },
        "x86_64-linux": {
          "outputs": [
            {
              "name": "out",
              "path": "/nix/store/fnnznnfs3v1m91mmky3qj9vyvl8bl5yv-markdownlint-cli-0.44.0",
              "default": true
            }
          ],
          "store_path": "/nix/store/fnnznnfs3v1m91mmky3qj9vyvl8bl5yv-markdownlint-cli-0.44.0"
        }
      }
    },
    "nodePackages.prettier@3.5.3": {
      "last_modified": "2025-03-23T05:31:05Z",
      "resolved": "github:NixOS/nixpkgs/dd613136ee91f67e5dba3f3f41ac99ae89c5406b#nodePackages.prettier",
      "source": "devbox-search",
      "version": "3.5.3",
      "systems": {
        "aarch64-darwin": {
          "outputs": [
            {
              "name": "out",
              "path": "/nix/store/ri1x9kwnv6a38lycpx03fm8g1xx5r41s-prettier-3.5.3",
              "default": true
            }
          ],
          "store_path": "/nix/store/ri1x9kwnv6a38lycpx03fm8g1xx5r41s-prettier-3.5.3"
        },
        "aarch64-linux": {
          "outputs": [
            {
              "name": "out",
              "path": "/nix/store/dl78racfdkxxmmx971k7malgqyvncdjk-prettier-3.5.3",
              "default": true
            }
          ],
          "store_path": "/nix/store/dl78racfdkxxmmx971k7malgqyvncdjk-prettier-3.5.3"
        },
        "x86_64-darwin": {
          "outputs": [
            {
              "name": "out",
              "path": "/nix/store/wnra1n75bxjh1bvhpf3wq9mrm9kgn3j5-prettier-3.5.3",
              "default": true
            }
          ],
          "store_path": "/nix/store/wnra1n75bxjh1bvhpf3wq9mrm9kgn3j5-prettier-3.5.3"
        },
        "x86_64-linux": {
          "outputs": [
            {
              "name": "out",
              "path": "/nix/store/19d7pnbz1cjpdhgxrrx1zssxn2vi2rfk-prettier-3.5.3",
              "default": true
            }
          ],
          "store_path": "/nix/store/19d7pnbz1cjpdhgxrrx1zssxn2vi2rfk-prettier-3.5.3"
        }
      }
    },
    "nodePackages.textlint-rule-terminology@4.0.1": {
      "last_modified": "2024-05-22T06:18:38Z",
      "resolved": "github:NixOS/nixpkgs/3f316d2a50699a78afe5e77ca486ad553169061e#nodePackages.textlint-rule-terminology",
      "source": "devbox-search",
      "version": "4.0.1",
      "systems": {
        "aarch64-darwin": {
          "outputs": [
            {
              "name": "out",
              "path": "/nix/store/pi5n39mmhins2jgn4ghm3hl2jlf4ckn0-textlint-rule-terminology-4.0.1",
              "default": true
            }
          ],
          "store_path": "/nix/store/pi5n39mmhins2jgn4ghm3hl2jlf4ckn0-textlint-rule-terminology-4.0.1"
        },
        "aarch64-linux": {
          "outputs": [
            {
              "name": "out",
              "path": "/nix/store/sl9kq7dnl7kailajsapiyqk7g98p0jb6-textlint-rule-terminology-4.0.1",
              "default": true
            }
          ],
          "store_path": "/nix/store/sl9kq7dnl7kailajsapiyqk7g98p0jb6-textlint-rule-terminology-4.0.1"
        },
        "x86_64-darwin": {
          "outputs": [
            {
              "name": "out",
              "path": "/nix/store/z0qjp2jy6sq53jj2rhzp1v76sxq1rnxy-textlint-rule-terminology-4.0.1",
              "default": true
            }
          ],
          "store_path": "/nix/store/z0qjp2jy6sq53jj2rhzp1v76sxq1rnxy-textlint-rule-terminology-4.0.1"
        },
        "x86_64-linux": {
          "outputs": [
            {
              "name": "out",
              "path": "/nix/store/gp9wsh41a3437gbjrlffk0pfr4p85a8v-textlint-rule-terminology-4.0.1",
              "default": true
            }
          ],
          "store_path": "/nix/store/gp9wsh41a3437gbjrlffk0pfr4p85a8v-textlint-rule-terminology-4.0.1"
        }
      }
    },
    "nodejs@23.10.0": {
      "last_modified": "2025-03-23T05:31:05Z",
      "plugin_version": "0.0.2",
      "resolved": "github:NixOS/nixpkgs/dd613136ee91f67e5dba3f3f41ac99ae89c5406b#nodejs_23",
      "source": "devbox-search",
      "version": "23.10.0",
      "systems": {
        "aarch64-darwin": {
          "outputs": [
            {
              "name": "out",
              "path": "/nix/store/dihlffh62qmgzsrxq1igwxicdyr3fn8a-nodejs-23.10.0",
              "default": true
            },
            {
              "name": "libv8",
              "path": "/nix/store/ks94i4365833bykrzg3d3mqxnciygyrn-nodejs-23.10.0-libv8"
            }
          ],
          "store_path": "/nix/store/dihlffh62qmgzsrxq1igwxicdyr3fn8a-nodejs-23.10.0"
        },
        "aarch64-linux": {
          "outputs": [
            {
              "name": "out",
              "path": "/nix/store/m7j1lf8a4z5bfla1m78pa3y12888hl7b-nodejs-23.10.0",
              "default": true
            },
            {
              "name": "libv8",
              "path": "/nix/store/kfvlfxx83n2w2fyb8hiz4p4dc165r035-nodejs-23.10.0-libv8"
            }
          ],
          "store_path": "/nix/store/m7j1lf8a4z5bfla1m78pa3y12888hl7b-nodejs-23.10.0"
        },
        "x86_64-darwin": {
          "outputs": [
            {
              "name": "out",
              "path": "/nix/store/nj0d1lc4nanqj7v4ibcgd26m3p5yfb0h-nodejs-23.10.0",
              "default": true
            },
            {
              "name": "libv8",
              "path": "/nix/store/k5rvmvqyibamfxa7cfzjfd5ldmi38kf3-nodejs-23.10.0-libv8"
            }
          ],
          "store_path": "/nix/store/nj0d1lc4nanqj7v4ibcgd26m3p5yfb0h-nodejs-23.10.0"
        },
        "x86_64-linux": {
          "outputs": [
            {
              "name": "out",
              "path": "/nix/store/m7imcmwi4hschl257dzc33gxciqlf4bm-nodejs-23.10.0",
              "default": true
            },
            {
              "name": "libv8",
              "path": "/nix/store/wy7ysxmd2ygdc5zpbhf9ripwgvvvnwsd-nodejs-23.10.0-libv8"
            }
          ],
          "store_path": "/nix/store/m7imcmwi4hschl257dzc33gxciqlf4bm-nodejs-23.10.0"
        }
      }
    },
    "pre-commit@4.0.1": {
      "last_modified": "2025-03-23T14:04:58Z",
      "resolved": "github:NixOS/nixpkgs/f3a2a0601e9669a6e38af25b46ce6c4563bcb6da#pre-commit",
      "source": "devbox-search",
      "version": "4.0.1",
      "systems": {
        "aarch64-darwin": {
          "outputs": [
            {
              "name": "out",
              "path": "/nix/store/pzpq71v0n2bz0kbq564f1rpbkvxpm806-pre-commit-4.0.1",
              "default": true
            },
            {
              "name": "dist",
              "path": "/nix/store/apb3rhddwh7dsrcck3z4gjrp1wvbnj15-pre-commit-4.0.1-dist"
            }
          ],
          "store_path": "/nix/store/pzpq71v0n2bz0kbq564f1rpbkvxpm806-pre-commit-4.0.1"
        },
        "aarch64-linux": {
          "outputs": [
            {
              "name": "out",
              "path": "/nix/store/4v96c7s6q8hf2qb6xvswxsi889p2685f-pre-commit-4.0.1",
              "default": true
            },
            {
              "name": "dist",
              "path": "/nix/store/0wgwippsj2rmf14g2x4kiliar10gsmvw-pre-commit-4.0.1-dist"
            }
          ],
          "store_path": "/nix/store/4v96c7s6q8hf2qb6xvswxsi889p2685f-pre-commit-4.0.1"
        },
        "x86_64-darwin": {
          "outputs": [
            {
              "name": "out",
              "path": "/nix/store/a2k5j6cqljj3mc3l0g78kjz4shzf5qfd-pre-commit-4.0.1",
              "default": true
            },
            {
              "name": "dist",
              "path": "/nix/store/fxcbjldzbkhfywgnas64yiidgllnsd1f-pre-commit-4.0.1-dist"
            }
          ],
          "store_path": "/nix/store/a2k5j6cqljj3mc3l0g78kjz4shzf5qfd-pre-commit-4.0.1"
        },
        "x86_64-linux": {
          "outputs": [
            {
              "name": "out",
              "path": "/nix/store/kb01yi27frzjk7hhxmlihihmzk1q3vgx-pre-commit-4.0.1",
              "default": true
            },
            {
              "name": "dist",
              "path": "/nix/store/wz5an2d6397zfq6mqgi964r5k4b602dv-pre-commit-4.0.1-dist"
            }
          ],
          "store_path": "/nix/store/kb01yi27frzjk7hhxmlihihmzk1q3vgx-pre-commit-4.0.1"
        }
      }
    },
    "python@3.13.2": {
      "last_modified": "2025-03-11T17:52:14Z",
      "plugin_version": "0.0.4",
      "resolved": "github:NixOS/nixpkgs/0d534853a55b5d02a4ababa1d71921ce8f0aee4c#python313",
      "source": "devbox-search",
      "version": "3.13.2",
      "systems": {
        "aarch64-darwin": {
          "outputs": [
            {
              "name": "out",
              "path": "/nix/store/c8k24sfwckindjhdxak6z3dhn8w4anx2-python3-3.13.2",
              "default": true
            }
          ],
          "store_path": "/nix/store/c8k24sfwckindjhdxak6z3dhn8w4anx2-python3-3.13.2"
        },
        "aarch64-linux": {
          "outputs": [
            {
              "name": "out",
              "path": "/nix/store/jsqky488530ax8hdaz5ckldxq9y6qr3k-python3-3.13.2",
              "default": true
            },
            {
              "name": "debug",
              "path": "/nix/store/fwwjmw2yddxxm6aj51r16v0ffp77zvk1-python3-3.13.2-debug"
            }
          ],
          "store_path": "/nix/store/jsqky488530ax8hdaz5ckldxq9y6qr3k-python3-3.13.2"
        },
        "x86_64-darwin": {
          "outputs": [
            {
              "name": "out",
              "path": "/nix/store/wjxlppca1s14xzw5iz608qpywyl5mcdw-python3-3.13.2",
              "default": true
            }
          ],
          "store_path": "/nix/store/wjxlppca1s14xzw5iz608qpywyl5mcdw-python3-3.13.2"
        },
        "x86_64-linux": {
          "outputs": [
            {
              "name": "out",
              "path": "/nix/store/njpnqszjaj6k38cp4466ygn74n392xy1-python3-3.13.2",
              "default": true
            },
            {
              "name": "debug",
              "path": "/nix/store/ixcc4jnj3byz0hg943wadfy1phxkmmgg-python3-3.13.2-debug"
            }
          ],
          "store_path": "/nix/store/njpnqszjaj6k38cp4466ygn74n392xy1-python3-3.13.2"
        }
      }
    },
    "ruff@0.11.2": {
      "last_modified": "2025-03-23T14:04:58Z",
      "resolved": "github:NixOS/nixpkgs/f3a2a0601e9669a6e38af25b46ce6c4563bcb6da#ruff",
      "source": "devbox-search",
      "version": "0.11.2",
      "systems": {
        "aarch64-darwin": {
          "outputs": [
            {
              "name": "out",
              "path": "/nix/store/7cwjlprgyvya1s5grc884pvg39038fyx-ruff-0.11.2",
              "default": true
            }
          ],
          "store_path": "/nix/store/7cwjlprgyvya1s5grc884pvg39038fyx-ruff-0.11.2"
        },
        "aarch64-linux": {
          "outputs": [
            {
              "name": "out",
              "path": "/nix/store/444kawmbhy4kqhnlqdw18mwp8snlzdw2-ruff-0.11.2",
              "default": true
            }
          ],
          "store_path": "/nix/store/444kawmbhy4kqhnlqdw18mwp8snlzdw2-ruff-0.11.2"
        },
        "x86_64-darwin": {
          "outputs": [
            {
              "name": "out",
              "path": "/nix/store/z23jczckg9s5n9bdqi56i1ihzh97ar92-ruff-0.11.2",
              "default": true
            }
          ],
          "store_path": "/nix/store/z23jczckg9s5n9bdqi56i1ihzh97ar92-ruff-0.11.2"
        },
        "x86_64-linux": {
          "outputs": [
            {
              "name": "out",
              "path": "/nix/store/ssrzqp6d4kb79pwr64i6h8cz0f5y386p-ruff-0.11.2",
              "default": true
            }
          ],
          "store_path": "/nix/store/ssrzqp6d4kb79pwr64i6h8cz0f5y386p-ruff-0.11.2"
        }
      }
    },
    "shellcheck@0.10.0": {
      "last_modified": "2025-03-11T17:52:14Z",
      "resolved": "github:NixOS/nixpkgs/0d534853a55b5d02a4ababa1d71921ce8f0aee4c#shellcheck",
      "source": "devbox-search",
      "version": "0.10.0",
      "systems": {
        "aarch64-darwin": {
          "outputs": [
            {
              "name": "bin",
              "path": "/nix/store/325gxaqj2jf8is7bl9l76xrg4lshm72f-shellcheck-0.10.0-bin",
              "default": true
            },
            {
              "name": "man",
              "path": "/nix/store/g62azyf0p9xj0d9j90dr7yhasbdnm7dk-shellcheck-0.10.0-man",
              "default": true
            },
            {
              "name": "doc",
              "path": "/nix/store/rjln13sbb4g1i6izlymwdj0ns5mlkdk9-shellcheck-0.10.0-doc",
              "default": true
            },
            {
              "name": "out",
              "path": "/nix/store/ch4cq7jdr08fm5anfwj9jr559v8lq5i2-shellcheck-0.10.0"
            }
          ],
          "store_path": "/nix/store/325gxaqj2jf8is7bl9l76xrg4lshm72f-shellcheck-0.10.0-bin"
        },
        "aarch64-linux": {
          "outputs": [
            {
              "name": "bin",
              "path": "/nix/store/37d0mp1kflgbkpgvk05fjf2xh2li4mj7-shellcheck-0.10.0-bin",
              "default": true
            },
            {
              "name": "man",
              "path": "/nix/store/jir1ky4dcpdq6ydyn5jl43ixcr84phw8-shellcheck-0.10.0-man",
              "default": true
            },
            {
              "name": "doc",
              "path": "/nix/store/zq69h86hz0xj1vjcpyfrlgmwmbs9pyh5-shellcheck-0.10.0-doc",
              "default": true
            },
            {
              "name": "out",
              "path": "/nix/store/7yn2p18qf9pal98dicmj4als7pn94pzw-shellcheck-0.10.0"
            }
          ],
          "store_path": "/nix/store/37d0mp1kflgbkpgvk05fjf2xh2li4mj7-shellcheck-0.10.0-bin"
        },
        "x86_64-darwin": {
          "outputs": [
            {
              "name": "bin",
              "path": "/nix/store/k17i8v7crc5hv7lzi490hjg40rc1xmvz-shellcheck-0.10.0-bin",
              "default": true
            },
            {
              "name": "man",
              "path": "/nix/store/cim6ifqys4d38wqx71gkiw9s7wm3m0vh-shellcheck-0.10.0-man",
              "default": true
            },
            {
              "name": "doc",
              "path": "/nix/store/hc649lnlbbwzy50kg81ib3h0bwadv70w-shellcheck-0.10.0-doc",
              "default": true
            },
            {
              "name": "out",
              "path": "/nix/store/vxih59dn7w40cny8v5r28ca5g8kmahvl-shellcheck-0.10.0"
            }
          ],
          "store_path": "/nix/store/k17i8v7crc5hv7lzi490hjg40rc1xmvz-shellcheck-0.10.0-bin"
        },
        "x86_64-linux": {
          "outputs": [
            {
              "name": "bin",
              "path": "/nix/store/9fpjy43dvmhrzdvf6djvfdj76c7xpvmi-shellcheck-0.10.0-bin",
              "default": true
            },
            {
              "name": "man",
              "path": "/nix/store/k6zkrm60hyxm7rvqp91761m2ksx0d1p8-shellcheck-0.10.0-man",
              "default": true
            },
            {
              "name": "doc",
              "path": "/nix/store/bwqhilfkvfayf8269lmfn6077gkrwg3z-shellcheck-0.10.0-doc",
              "default": true
            },
            {
              "name": "out",
              "path": "/nix/store/xf4c1r7dahlnwl3d9mww2c339is3rrqc-shellcheck-0.10.0"
            }
          ],
          "store_path": "/nix/store/9fpjy43dvmhrzdvf6djvfdj76c7xpvmi-shellcheck-0.10.0-bin"
        }
      }
    },
    "textlint@14.3.0": {
      "last_modified": "2025-03-11T17:52:14Z",
      "resolved": "github:NixOS/nixpkgs/0d534853a55b5d02a4ababa1d71921ce8f0aee4c#textlint",
      "source": "devbox-search",
      "version": "14.3.0",
      "systems": {
        "aarch64-darwin": {
          "outputs": [
            {
              "name": "out",
              "path": "/nix/store/n388akk5qmjsb0pfnbf3xaw9alh53ixw-textlint-14.3.0",
              "default": true
            }
          ],
          "store_path": "/nix/store/n388akk5qmjsb0pfnbf3xaw9alh53ixw-textlint-14.3.0"
        },
        "aarch64-linux": {
          "outputs": [
            {
              "name": "out",
              "path": "/nix/store/b6a97andx386slj8cryxh4ih98r401zw-textlint-14.3.0",
              "default": true
            }
          ],
          "store_path": "/nix/store/b6a97andx386slj8cryxh4ih98r401zw-textlint-14.3.0"
        },
        "x86_64-darwin": {
          "outputs": [
            {
              "name": "out",
              "path": "/nix/store/3yia8dbxlmf8q9m0y6farv27q921w3lg-textlint-14.3.0",
              "default": true
            }
          ],
          "store_path": "/nix/store/3yia8dbxlmf8q9m0y6farv27q921w3lg-textlint-14.3.0"
        },
        "x86_64-linux": {
          "outputs": [
            {
              "name": "out",
              "path": "/nix/store/1dqn9rgqf5ggygg7ms1yxxy0vyx987h6-textlint-14.3.0",
              "default": true
            }
          ],
          "store_path": "/nix/store/1dqn9rgqf5ggygg7ms1yxxy0vyx987h6-textlint-14.3.0"
        }
      }
    }
  }
}
